
Microsoft Visual Studio Solution File, Format Version 12.00
# Visual Studio 2013
VisualStudioVersion = 12.0.21005.1
MinimumVisualStudioVersion = 10.0.40219.1
Project("{FAE04EC0-301F-11D3-BF4B-00C04F79EFBC}") = "vocab.web", "vocab.web\vocab.web.csproj", "{EFBB1F35-D528-4BF4-B038-7EAFCA07588E}"
EndProject
Project("{FAE04EC0-301F-11D3-BF4B-00C04F79EFBC}") = "vocab.web.Tests", "vocab.web.Tests\vocab.web.Tests.csproj", "{B54BA881-5FC6-47B4-8C68-E5CDA65C1619}"
EndProject
Global
	GlobalSection(SolutionConfigurationPlatforms) = preSolution
		Debug|Any CPU = Debug|Any CPU
		Release|Any CPU = Release|Any CPU
	EndGlobalSection
	GlobalSection(ProjectConfigurationPlatforms) = postSolution
		{EFBB1F35-D528-4BF4-B038-7EAFCA07588E}.Debug|Any CPU.ActiveCfg = Debug|Any CPU
		{EFBB1F35-D528-4BF4-B038-7EAFCA07588E}.Debug|Any CPU.Build.0 = Debug|Any CPU
		{EFBB1F35-D528-4BF4-B038-7EAFCA07588E}.Release|Any CPU.ActiveCfg = Release|Any CPU
		{EFBB1F35-D528-4BF4-B038-7EAFCA07588E}.Release|Any CPU.Build.0 = Release|Any CPU
		{B54BA881-5FC6-47B4-8C68-E5CDA65C1619}.Debug|Any CPU.ActiveCfg = Debug|Any CPU
		{B54BA881-5FC6-47B4-8C68-E5CDA65C1619}.Debug|Any CPU.Build.0 = Debug|Any CPU
		{B54BA881-5FC6-47B4-8C68-E5CDA65C1619}.Release|Any CPU.ActiveCfg = Release|Any CPU
		{B54BA881-5FC6-47B4-8C68-E5CDA65C1619}.Release|Any CPU.Build.0 = Release|Any CPU
	EndGlobalSection
	GlobalSection(SolutionProperties) = preSolution
		HideSolutionNode = FALSE
	EndGlobalSection
EndGlobal
