
Microsoft Visual Studio Solution File, Format Version 12.00
# Visual Studio 2013
VisualStudioVersion = 12.0.21005.1
MinimumVisualStudioVersion = 10.0.40219.1
Project("{FAE04EC0-301F-11D3-BF4B-00C04F79EFBC}") = "vocab.mvc", "vocab.mvc\vocab.mvc.csproj", "{D61EF3C7-8C41-4D03-9CD0-15156A643FBE}"
EndProject
Project("{FAE04EC0-301F-11D3-BF4B-00C04F79EFBC}") = "vocab.mvc.Tests", "vocab.mvc.Tests\vocab.mvc.Tests.csproj", "{5528863A-CDEE-445F-9253-D9D9BD6FD8CD}"
EndProject
Global
	GlobalSection(SolutionConfigurationPlatforms) = preSolution
		Debug|Any CPU = Debug|Any CPU
		Release|Any CPU = Release|Any CPU
	EndGlobalSection
	GlobalSection(ProjectConfigurationPlatforms) = postSolution
		{D61EF3C7-8C41-4D03-9CD0-15156A643FBE}.Debug|Any CPU.ActiveCfg = Debug|Any CPU
		{D61EF3C7-8C41-4D03-9CD0-15156A643FBE}.Debug|Any CPU.Build.0 = Debug|Any CPU
		{D61EF3C7-8C41-4D03-9CD0-15156A643FBE}.Release|Any CPU.ActiveCfg = Release|Any CPU
		{D61EF3C7-8C41-4D03-9CD0-15156A643FBE}.Release|Any CPU.Build.0 = Release|Any CPU
		{5528863A-CDEE-445F-9253-D9D9BD6FD8CD}.Debug|Any CPU.ActiveCfg = Debug|Any CPU
		{5528863A-CDEE-445F-9253-D9D9BD6FD8CD}.Debug|Any CPU.Build.0 = Debug|Any CPU
		{5528863A-CDEE-445F-9253-D9D9BD6FD8CD}.Release|Any CPU.ActiveCfg = Release|Any CPU
		{5528863A-CDEE-445F-9253-D9D9BD6FD8CD}.Release|Any CPU.Build.0 = Release|Any CPU
	EndGlobalSection
	GlobalSection(SolutionProperties) = preSolution
		HideSolutionNode = FALSE
	EndGlobalSection
EndGlobal
